// !$*UTF8*$!
{
	archiveVersion = 1;
	classes = {
	};
	objectVersion = 46;
	objects = {

/* Begin PBXBuildFile section */
		C88A654E1A97881E00EF0E2E /* queues.c in Sources */ = {isa = PBXBuildFile; fileRef = C88A654C1A97881E00EF0E2E /* queues.c */; };
		C88A65511A97882600EF0E2E /* sandglasses.c in Sources */ = {isa = PBXBuildFile; fileRef = C88A654F1A97882600EF0E2E /* sandglasses.c */; };
/* End PBXBuildFile section */

/* Begin PBXCopyFilesBuildPhase section */
		C88A65401A97880200EF0E2E /* CopyFiles */ = {
			isa = PBXCopyFilesBuildPhase;
			buildActionMask = 2147483647;
			dstPath = /usr/share/man/man1/;
			dstSubfolderSpec = 0;
			files = (
			);
			runOnlyForDeploymentPostprocessing = 1;
		};
/* End PBXCopyFilesBuildPhase section */

/* Begin PBXFileReference section */
		C88A65421A97880200EF0E2E /* Sandglasses */ = {isa = PBXFileReference; explicitFileType = "compiled.mach-o.executable"; includeInIndex = 0; path = Sandglasses; sourceTree = BUILT_PRODUCTS_DIR; };
		C88A654C1A97881E00EF0E2E /* queues.c */ = {isa = PBXFileReference; fileEncoding = 4; lastKnownFileType = sourcecode.c.c; path = queues.c; sourceTree = "<group>"; };
		C88A654D1A97881E00EF0E2E /* queues.h */ = {isa = PBXFileReference; fileEncoding = 4; lastKnownFileType = sourcecode.c.h; path = queues.h; sourceTree = "<group>"; };
		C88A654F1A97882600EF0E2E /* sandglasses.c */ = {isa = PBXFileReference; fileEncoding = 4; lastKnownFileType = sourcecode.c.c; path = sandglasses.c; sourceTree = "<group>"; };
		C88A65501A97882600EF0E2E /* sandglasses.h */ = {isa = PBXFileReference; fileEncoding = 4; lastKnownFileType = sourcecode.c.h; path = sandglasses.h; sourceTree = "<group>"; };
/* End PBXFileReference section */

/* Begin PBXFrameworksBuildPhase section */
		C88A653F1A97880200EF0E2E /* Frameworks */ = {
			isa = PBXFrameworksBuildPhase;
			buildActionMask = 2147483647;
			files = (
			);
			runOnlyForDeploymentPostprocessing = 0;
		};
/* End PBXFrameworksBuildPhase section */

/* Begin PBXGroup section */
		C88A65391A97880200EF0E2E = {
			isa = PBXGroup;
			children = (
				C88A65441A97880200EF0E2E /* Sandglasses */,
				C88A65431A97880200EF0E2E /* Products */,
			);
			sourceTree = "<group>";
		};
		C88A65431A97880200EF0E2E /* Products */ = {
			isa = PBXGroup;
			children = (
				C88A65421A97880200EF0E2E /* Sandglasses */,
			);
			name = Products;
			sourceTree = "<group>";
		};
		C88A65441A97880200EF0E2E /* Sandglasses */ = {
			isa = PBXGroup;
			children = (
				C88A654C1A97881E00EF0E2E /* queues.c */,
				C88A654D1A97881E00EF0E2E /* queues.h */,
				C88A654F1A97882600EF0E2E /* sandglasses.c */,
				C88A65501A97882600EF0E2E /* sandglasses.h */,
			);
			path = Sandglasses;
			sourceTree = "<group>";
		};
/* End PBXGroup section */

/* Begin PBXNativeTarget section */
		C88A65411A97880200EF0E2E /* Sandglasses */ = {
			isa = PBXNativeTarget;
			buildConfigurationList = C88A65491A97880200EF0E2E /* Build configuration list for PBXNativeTarget "Sandglasses" */;
			buildPhases = (
				C88A653E1A97880200EF0E2E /* Sources */,
				C88A653F1A97880200EF0E2E /* Frameworks */,
				C88A65401A97880200EF0E2E /* CopyFiles */,
			);
			buildRules = (
			);
			dependencies = (
			);
			name = Sandglasses;
			productName = Sandglasses;
			productReference = C88A65421A97880200EF0E2E /* Sandglasses */;
			productType = "com.apple.product-type.tool";
		};
/* End PBXNativeTarget section */

/* Begin PBXProject section */
		C88A653A1A97880200EF0E2E /* Project object */ = {
			isa = PBXProject;
			attributes = {
				LastUpgradeCheck = 0610;
				ORGANIZATIONNAME = "Daniël Haitink";
				TargetAttributes = {
					C88A65411A97880200EF0E2E = {
						CreatedOnToolsVersion = 6.1.1;
					};
				};
			};
			buildConfigurationList = C88A653D1A97880200EF0E2E /* Build configuration list for PBXProject "Sandglasses" */;
			compatibilityVersion = "Xcode 3.2";
			developmentRegion = English;
			hasScannedForEncodings = 0;
			knownRegions = (
				en,
			);
			mainGroup = C88A65391A97880200EF0E2E;
			productRefGroup = C88A65431A97880200EF0E2E /* Products */;
			projectDirPath = "";
			projectRoot = "";
			targets = (
				C88A65411A97880200EF0E2E /* Sandglasses */,
			);
		};
/* End PBXProject section */

/* Begin PBXSourcesBuildPhase section */
		C88A653E1A97880200EF0E2E /* Sources */ = {
			isa = PBXSourcesBuildPhase;
			buildActionMask = 2147483647;
			files = (
				C88A65511A97882600EF0E2E /* sandglasses.c in Sources */,
				C88A654E1A97881E00EF0E2E /* queues.c in Sources */,
			);
			runOnlyForDeploymentPostprocessing = 0;
		};
/* End PBXSourcesBuildPhase section */

/* Begin XCBuildConfiguration section */
		C88A65471A97880200EF0E2E /* Debug */ = {
			isa = XCBuildConfiguration;
			buildSettings = {
				ALWAYS_SEARCH_USER_PATHS = NO;
				CLANG_CXX_LANGUAGE_STANDARD = "gnu++0x";
				CLANG_CXX_LIBRARY = "libc++";
				CLANG_ENABLE_MODULES = YES;
				CLANG_ENABLE_OBJC_ARC = YES;
				CLANG_WARN_BOOL_CONVERSION = YES;
				CLANG_WARN_CONSTANT_CONVERSION = YES;
				CLANG_WARN_DIRECT_OBJC_ISA_USAGE = YES_ERROR;
				CLANG_WARN_EMPTY_BODY = YES;
				CLANG_WARN_ENUM_CONVERSION = YES;
				CLANG_WARN_INT_CONVERSION = YES;
				CLANG_WARN_OBJC_ROOT_CLASS = YES_ERROR;
				CLANG_WARN_UNREACHABLE_CODE = YES;
				CLANG_WARN__DUPLICATE_METHOD_MATCH = YES;
				COPY_PHASE_STRIP = NO;
				ENABLE_STRICT_OBJC_MSGSEND = YES;
				GCC_C_LANGUAGE_STANDARD = gnu99;
				GCC_DYNAMIC_NO_PIC = NO;
				GCC_OPTIMIZATION_LEVEL = 0;
				GCC_PREPROCESSOR_DEFINITIONS = (
					"DEBUG=1",
					"$(inherited)",
				);
				GCC_SYMBOLS_PRIVATE_EXTERN = NO;
				GCC_WARN_64_TO_32_BIT_CONVERSION = YES;
				GCC_WARN_ABOUT_RETURN_TYPE = YES_ERROR;
				GCC_WARN_UNDECLARED_SELECTOR = YES;
				GCC_WARN_UNINITIALIZED_AUTOS = YES_AGGRESSIVE;
				GCC_WARN_UNUSED_FUNCTION = YES;
				GCC_WARN_UNUSED_VARIABLE = YES;
				MACOSX_DEPLOYMENT_TARGET = 10.10;
				MTL_ENABLE_DEBUG_INFO = YES;
				ONLY_ACTIVE_ARCH = YES;
				SDKROOT = macosx;
			};
			name = Debug;
		};
		C88A65481A97880200EF0E2E /* Release */ = {
			isa = XCBuildConfiguration;
			buildSettings = {
				ALWAYS_SEARCH_USER_PATHS = NO;
				CLANG_CXX_LANGUAGE_STANDARD = "gnu++0x";
				CLANG_CXX_LIBRARY = "libc++";
				CLANG_ENABLE_MODULES = YES;
				CLANG_ENABLE_OBJC_ARC = YES;
				CLANG_WARN_BOOL_CONVERSION = YES;
				CLANG_WARN_CONSTANT_CONVERSION = YES;
				CLANG_WARN_DIRECT_OBJC_ISA_USAGE = YES_ERROR;
				CLANG_WARN_EMPTY_BODY = YES;
				CLANG_WARN_ENUM_CONVERSION = YES;
				CLANG_WARN_INT_CONVERSION = YES;
				CLANG_WARN_OBJC_ROOT_CLASS = YES_ERROR;
				CLANG_WARN_UNREACHABLE_CODE = YES;
				CLANG_WARN__DUPLICATE_METHOD_MATCH = YES;
				COPY_PHASE_STRIP = YES;
				DEBUG_INFORMATION_FORMAT = "dwarf-with-dsym";
				ENABLE_NS_ASSERTIONS = NO;
				ENABLE_STRICT_OBJC_MSGSEND = YES;
				GCC_C_LANGUAGE_STANDARD = gnu99;
				GCC_WARN_64_TO_32_BIT_CONVERSION = YES;
				GCC_WARN_ABOUT_RETURN_TYPE = YES_ERROR;
				GCC_WARN_UNDECLARED_SELECTOR = YES;
				GCC_WARN_UNINITIALIZED_AUTOS = YES_AGGRESSIVE;
				GCC_WARN_UNUSED_FUNCTION = YES;
				GCC_WARN_UNUSED_VARIABLE = YES;
				MACOSX_DEPLOYMENT_TARGET = 10.10;
				MTL_ENABLE_DEBUG_INFO = NO;
				SDKROOT = macosx;
			};
			name = Release;
		};
		C88A654A1A97880200EF0E2E /* Debug */ = {
			isa = XCBuildConfiguration;
			buildSettings = {
				PRODUCT_NAME = "$(TARGET_NAME)";
			};
			name = Debug;
		};
		C88A654B1A97880200EF0E2E /* Release */ = {
			isa = XCBuildConfiguration;
			buildSettings = {
				PRODUCT_NAME = "$(TARGET_NAME)";
			};
			name = Release;
		};
/* End XCBuildConfiguration section */

/* Begin XCConfigurationList section */
		C88A653D1A97880200EF0E2E /* Build configuration list for PBXProject "Sandglasses" */ = {
			isa = XCConfigurationList;
			buildConfigurations = (
				C88A65471A97880200EF0E2E /* Debug */,
				C88A65481A97880200EF0E2E /* Release */,
			);
			defaultConfigurationIsVisible = 0;
			defaultConfigurationName = Release;
		};
		C88A65491A97880200EF0E2E /* Build configuration list for PBXNativeTarget "Sandglasses" */ = {
			isa = XCConfigurationList;
			buildConfigurations = (
				C88A654A1A97880200EF0E2E /* Debug */,
				C88A654B1A97880200EF0E2E /* Release */,
			);
			defaultConfigurationIsVisible = 0;
			defaultConfigurationName = Release;
		};
/* End XCConfigurationList section */
	};
	rootObject = C88A653A1A97880200EF0E2E /* Project object */;
}
